{
  "name": "iiita-scholars",
  "version": "1.0.0",
  "lockfileVersion": 1,
  "requires": true,
  "dependencies": {
    "@srexi/purecounterjs": {
      "version": "1.1.1",
      "resolved": "https://registry.npmjs.org/@srexi/purecounterjs/-/purecounterjs-1.1.1.tgz",
      "integrity": "sha512-Cd9gnNrZuExssfIf2g99P1VWfZdQY6L9ppRFeACZEx9n48L8jr3bfJQ1WKiJhV75FPO+vowvi+oU3GeTgDWdsQ=="
    }
  }
}
